
Microsoft Visual Studio Solution File, Format Version 12.00
# Visual Studio Version 17
VisualStudioVersion = 17.8.34316.72
MinimumVisualStudioVersion = 10.0.40219.1
Project("{FAE04EC0-301F-11D3-BF4B-00C04F79EFBC}") = "MVVMTemplate", "MVVMTemplate\MVVMTemplate.csproj", "{DE42C968-1A00-4E1D-99A0-8C35A25BFD76}"
EndProject
Global
	GlobalSection(SolutionConfigurationPlatforms) = preSolution
		Debug|Any CPU = Debug|Any CPU
		Release|Any CPU = Release|Any CPU
	EndGlobalSection
	GlobalSection(ProjectConfigurationPlatforms) = postSolution
		{DE42C968-1A00-4E1D-99A0-8C35A25BFD76}.Debug|Any CPU.ActiveCfg = Debug|Any CPU
		{DE42C968-1A00-4E1D-99A0-8C35A25BFD76}.Debug|Any CPU.Build.0 = Debug|Any CPU
		{DE42C968-1A00-4E1D-99A0-8C35A25BFD76}.Release|Any CPU.ActiveCfg = Release|Any CPU
		{DE42C968-1A00-4E1D-99A0-8C35A25BFD76}.Release|Any CPU.Build.0 = Release|Any CPU
	EndGlobalSection
	GlobalSection(SolutionProperties) = preSolution
		HideSolutionNode = FALSE
	EndGlobalSection
	GlobalSection(ExtensibilityGlobals) = postSolution
		SolutionGuid = {D7FBB8A7-1E65-4A5A-9E7B-8518EF3CCCA5}
	EndGlobalSection
EndGlobal
